// !$*UTF8*$!
{
	archiveVersion = 1;
	classes = {
	};
	objectVersion = 56;
	objects = {

/* Begin PBXBuildFile section */
		1A24697D2AF78827008CF8E3 /* EraserView.swift in Sources */ = {isa = PBXBuildFile; fileRef = 1A24697C2AF78827008CF8E3 /* EraserView.swift */; };
		1AB099532AF70BA800D7AEC5 /* Interior_Shuffle_AppApp.swift in Sources */ = {isa = PBXBuildFile; fileRef = 1AB099522AF70BA800D7AEC5 /* Interior_Shuffle_AppApp.swift */; };
		1AB099552AF70BA800D7AEC5 /* ContentView.swift in Sources */ = {isa = PBXBuildFile; fileRef = 1AB099542AF70BA800D7AEC5 /* ContentView.swift */; };
		1AB099572AF70BAA00D7AEC5 /* rooms in Resources */ = {isa = PBXBuildFile; fileRef = 1AB099562AF70BAA00D7AEC5 /* rooms */; };
		1AB0995A2AF70BAA00D7AEC5 /* rooms in Resources */ = {isa = PBXBuildFile; fileRef = 1AB099592AF70BAA00D7AEC5 /* rooms */; };
		1AB099622AF70BF200D7AEC5 /* HomeView.swift in Sources */ = {isa = PBXBuildFile; fileRef = 1AB099612AF70BF200D7AEC5 /* HomeView.swift */; };
		1AB099662AF70C1100D7AEC5 /* SavedDesignsView.swift in Sources */ = {isa = PBXBuildFile; fileRef = 1AB099652AF70C1100D7AEC5 /* SavedDesignsView.swift */; };
		1AB0996A2AF7286900D7AEC5 /* CameraController.swift in Sources */ = {isa = PBXBuildFile; fileRef = 1AB099692AF7286900D7AEC5 /* CameraController.swift */; };
		1AB0996E2AF72EB400D7AEC5 /* Data_Model.swift in Sources */ = {isa = PBXBuildFile; fileRef = 1AB0996D2AF72EB400D7AEC5 /* Data_Model.swift */; };
		1ACD538D2AF7620B009DF0E6 /* CanvasView.swift in Sources */ = {isa = PBXBuildFile; fileRef = 1ACD538C2AF7620B009DF0E6 /* CanvasView.swift */; };
		1ACD538F2AF7685E009DF0E6 /* ImageEditViewController.swift in Sources */ = {isa = PBXBuildFile; fileRef = 1ACD538E2AF7685E009DF0E6 /* ImageEditViewController.swift */; };
/* End PBXBuildFile section */

/* Begin PBXFileReference section */
		1A24697C2AF78827008CF8E3 /* EraserView.swift */ = {isa = PBXFileReference; lastKnownFileType = sourcecode.swift; path = EraserView.swift; sourceTree = "<group>"; };
		1AB0994F2AF70BA800D7AEC5 /* Interior_Shuffle_App.app */ = {isa = PBXFileReference; explicitFileType = wrapper.application; includeInIndex = 0; path = Interior_Shuffle_App.app; sourceTree = BUILT_PRODUCTS_DIR; };
		1AB099522AF70BA800D7AEC5 /* Interior_Shuffle_AppApp.swift */ = {isa = PBXFileReference; lastKnownFileType = sourcecode.swift; path = Interior_Shuffle_AppApp.swift; sourceTree = "<group>"; };
		1AB099542AF70BA800D7AEC5 /* ContentView.swift */ = {isa = PBXFileReference; lastKnownFileType = sourcecode.swift; path = ContentView.swift; sourceTree = "<group>"; };
		1AB099562AF70BAA00D7AEC5 /* rooms */ = {isa = PBXFileReference; lastKnownFileType = folder; name = rooms; path = ../../../rooms; sourceTree = "<group>"; };
		1AB099592AF70BAA00D7AEC5 /* rooms */ = {isa = PBXFileReference; lastKnownFileType = folder; name = rooms; path = ../../../../rooms; sourceTree = "<group>"; };
		1AB099612AF70BF200D7AEC5 /* HomeView.swift */ = {isa = PBXFileReference; lastKnownFileType = sourcecode.swift; path = HomeView.swift; sourceTree = "<group>"; };
		1AB099652AF70C1100D7AEC5 /* SavedDesignsView.swift */ = {isa = PBXFileReference; lastKnownFileType = sourcecode.swift; path = SavedDesignsView.swift; sourceTree = "<group>"; };
		1AB099692AF7286900D7AEC5 /* CameraController.swift */ = {isa = PBXFileReference; lastKnownFileType = sourcecode.swift; path = CameraController.swift; sourceTree = "<group>"; };
		1AB0996D2AF72EB400D7AEC5 /* Data_Model.swift */ = {isa = PBXFileReference; lastKnownFileType = sourcecode.swift; path = Data_Model.swift; sourceTree = "<group>"; };
		1ACD538C2AF7620B009DF0E6 /* CanvasView.swift */ = {isa = PBXFileReference; lastKnownFileType = sourcecode.swift; path = CanvasView.swift; sourceTree = "<group>"; };
		1ACD538E2AF7685E009DF0E6 /* ImageEditViewController.swift */ = {isa = PBXFileReference; lastKnownFileType = sourcecode.swift; path = ImageEditViewController.swift; sourceTree = "<group>"; };
/* End PBXFileReference section */

/* Begin PBXFrameworksBuildPhase section */
		1AB0994C2AF70BA800D7AEC5 /* Frameworks */ = {
			isa = PBXFrameworksBuildPhase;
			buildActionMask = 2147483647;
			files = (
			);
			runOnlyForDeploymentPostprocessing = 0;
		};
/* End PBXFrameworksBuildPhase section */

/* Begin PBXGroup section */
		1AB099462AF70BA800D7AEC5 = {
			isa = PBXGroup;
			children = (
				1AB099512AF70BA800D7AEC5 /* Interior_Shuffle_App */,
				1AB099502AF70BA800D7AEC5 /* Products */,
			);
			sourceTree = "<group>";
		};
		1AB099502AF70BA800D7AEC5 /* Products */ = {
			isa = PBXGroup;
			children = (
				1AB0994F2AF70BA800D7AEC5 /* Interior_Shuffle_App.app */,
			);
			name = Products;
			sourceTree = "<group>";
		};
		1AB099512AF70BA800D7AEC5 /* Interior_Shuffle_App */ = {
			isa = PBXGroup;
			children = (
				1AB099682AF7282400D7AEC5 /* controllers */,
				1AB099672AF7104C00D7AEC5 /* Models */,
				1AB099602AF70BDE00D7AEC5 /* Views */,
				1AB099522AF70BA800D7AEC5 /* Interior_Shuffle_AppApp.swift */,
				1AB099542AF70BA800D7AEC5 /* ContentView.swift */,
				1AB099562AF70BAA00D7AEC5 /* rooms */,
				1AB099582AF70BAA00D7AEC5 /* Preview Content */,
			);
			path = Interior_Shuffle_App;
			sourceTree = "<group>";
		};
		1AB099582AF70BAA00D7AEC5 /* Preview Content */ = {
			isa = PBXGroup;
			children = (
				1AB099592AF70BAA00D7AEC5 /* rooms */,
			);
			path = "Preview Content";
			sourceTree = "<group>";
		};
		1AB099602AF70BDE00D7AEC5 /* Views */ = {
			isa = PBXGroup;
			children = (
				1AB099612AF70BF200D7AEC5 /* HomeView.swift */,
				1AB099652AF70C1100D7AEC5 /* SavedDesignsView.swift */,
				1ACD538C2AF7620B009DF0E6 /* CanvasView.swift */,
				1A24697C2AF78827008CF8E3 /* EraserView.swift */,
			);
			path = Views;
			sourceTree = "<group>";
		};
		1AB099672AF7104C00D7AEC5 /* Models */ = {
			isa = PBXGroup;
			children = (
				1AB0996D2AF72EB400D7AEC5 /* Data_Model.swift */,
			);
			path = Models;
			sourceTree = "<group>";
		};
		1AB099682AF7282400D7AEC5 /* controllers */ = {
			isa = PBXGroup;
			children = (
				1AB099692AF7286900D7AEC5 /* CameraController.swift */,
				1ACD538E2AF7685E009DF0E6 /* ImageEditViewController.swift */,
			);
			path = controllers;
			sourceTree = "<group>";
		};
/* End PBXGroup section */

/* Begin PBXNativeTarget section */
		1AB0994E2AF70BA800D7AEC5 /* Interior_Shuffle_App */ = {
			isa = PBXNativeTarget;
			buildConfigurationList = 1AB0995D2AF70BAA00D7AEC5 /* Build configuration list for PBXNativeTarget "Interior_Shuffle_App" */;
			buildPhases = (
				1AB0994B2AF70BA800D7AEC5 /* Sources */,
				1AB0994C2AF70BA800D7AEC5 /* Frameworks */,
				1AB0994D2AF70BA800D7AEC5 /* Resources */,
			);
			buildRules = (
			);
			dependencies = (
			);
			name = Interior_Shuffle_App;
			productName = Interior_Shuffle_App;
			productReference = 1AB0994F2AF70BA800D7AEC5 /* Interior_Shuffle_App.app */;
			productType = "com.apple.product-type.application";
		};
/* End PBXNativeTarget section */

/* Begin PBXProject section */
		1AB099472AF70BA800D7AEC5 /* Project object */ = {
			isa = PBXProject;
			attributes = {
				BuildIndependentTargetsInParallel = 1;
				LastSwiftUpdateCheck = 1500;
				LastUpgradeCheck = 1500;
				TargetAttributes = {
					1AB0994E2AF70BA800D7AEC5 = {
						CreatedOnToolsVersion = 15.0.1;
					};
				};
			};
			buildConfigurationList = 1AB0994A2AF70BA800D7AEC5 /* Build configuration list for PBXProject "Interior_Shuffle_App" */;
			compatibilityVersion = "Xcode 14.0";
			developmentRegion = en;
			hasScannedForEncodings = 0;
			knownRegions = (
				en,
				Base,
			);
			mainGroup = 1AB099462AF70BA800D7AEC5;
			productRefGroup = 1AB099502AF70BA800D7AEC5 /* Products */;
			projectDirPath = "";
			projectRoot = "";
			targets = (
				1AB0994E2AF70BA800D7AEC5 /* Interior_Shuffle_App */,
			);
		};
/* End PBXProject section */

/* Begin PBXResourcesBuildPhase section */
		1AB0994D2AF70BA800D7AEC5 /* Resources */ = {
			isa = PBXResourcesBuildPhase;
			buildActionMask = 2147483647;
			files = (
				1AB0995A2AF70BAA00D7AEC5 /* rooms in Resources */,
				1AB099572AF70BAA00D7AEC5 /* rooms in Resources */,
			);
			runOnlyForDeploymentPostprocessing = 0;
		};
/* End PBXResourcesBuildPhase section */

/* Begin PBXSourcesBuildPhase section */
		1AB0994B2AF70BA800D7AEC5 /* Sources */ = {
			isa = PBXSourcesBuildPhase;
			buildActionMask = 2147483647;
			files = (
				1ACD538F2AF7685E009DF0E6 /* ImageEditViewController.swift in Sources */,
				1AB0996A2AF7286900D7AEC5 /* CameraController.swift in Sources */,
				1ACD538D2AF7620B009DF0E6 /* CanvasView.swift in Sources */,
				1AB0996E2AF72EB400D7AEC5 /* Data_Model.swift in Sources */,
				1AB099622AF70BF200D7AEC5 /* HomeView.swift in Sources */,
				1AB099552AF70BA800D7AEC5 /* ContentView.swift in Sources */,
				1AB099662AF70C1100D7AEC5 /* SavedDesignsView.swift in Sources */,
				1AB099532AF70BA800D7AEC5 /* Interior_Shuffle_AppApp.swift in Sources */,
				1A24697D2AF78827008CF8E3 /* EraserView.swift in Sources */,
			);
			runOnlyForDeploymentPostprocessing = 0;
		};
/* End PBXSourcesBuildPhase section */

/* Begin XCBuildConfiguration section */
		1AB0995B2AF70BAA00D7AEC5 /* Debug */ = {
			isa = XCBuildConfiguration;
			buildSettings = {
				ALWAYS_SEARCH_USER_PATHS = NO;
				ASSETCATALOG_COMPILER_GENERATE_SWIFT_ASSET_SYMBOL_EXTENSIONS = YES;
				CLANG_ANALYZER_NONNULL = YES;
				CLANG_ANALYZER_NUMBER_OBJECT_CONVERSION = YES_AGGRESSIVE;
				CLANG_CXX_LANGUAGE_STANDARD = "gnu++20";
				CLANG_ENABLE_MODULES = YES;
				CLANG_ENABLE_OBJC_ARC = YES;
				CLANG_ENABLE_OBJC_WEAK = YES;
				CLANG_WARN_BLOCK_CAPTURE_AUTORELEASING = YES;
				CLANG_WARN_BOOL_CONVERSION = YES;
				CLANG_WARN_COMMA = YES;
				CLANG_WARN_CONSTANT_CONVERSION = YES;
				CLANG_WARN_DEPRECATED_OBJC_IMPLEMENTATIONS = YES;
				CLANG_WARN_DIRECT_OBJC_ISA_USAGE = YES_ERROR;
				CLANG_WARN_DOCUMENTATION_COMMENTS = YES;
				CLANG_WARN_EMPTY_BODY = YES;
				CLANG_WARN_ENUM_CONVERSION = YES;
				CLANG_WARN_INFINITE_RECURSION = YES;
				CLANG_WARN_INT_CONVERSION = YES;
				CLANG_WARN_NON_LITERAL_NULL_CONVERSION = YES;
				CLANG_WARN_OBJC_IMPLICIT_RETAIN_SELF = YES;
				CLANG_WARN_OBJC_LITERAL_CONVERSION = YES;
				CLANG_WARN_OBJC_ROOT_CLASS = YES_ERROR;
				CLANG_WARN_QUOTED_INCLUDE_IN_FRAMEWORK_HEADER = YES;
				CLANG_WARN_RANGE_LOOP_ANALYSIS = YES;
				CLANG_WARN_STRICT_PROTOTYPES = YES;
				CLANG_WARN_SUSPICIOUS_MOVE = YES;
				CLANG_WARN_UNGUARDED_AVAILABILITY = YES_AGGRESSIVE;
				CLANG_WARN_UNREACHABLE_CODE = YES;
				CLANG_WARN__DUPLICATE_METHOD_MATCH = YES;
				COPY_PHASE_STRIP = NO;
				DEBUG_INFORMATION_FORMAT = dwarf;
				ENABLE_STRICT_OBJC_MSGSEND = YES;
				ENABLE_TESTABILITY = YES;
				ENABLE_USER_SCRIPT_SANDBOXING = YES;
				GCC_C_LANGUAGE_STANDARD = gnu17;
				GCC_DYNAMIC_NO_PIC = NO;
				GCC_NO_COMMON_BLOCKS = YES;
				GCC_OPTIMIZATION_LEVEL = 0;
				GCC_PREPROCESSOR_DEFINITIONS = (
					"DEBUG=1",
					"$(inherited)",
				);
				GCC_WARN_64_TO_32_BIT_CONVERSION = YES;
				GCC_WARN_ABOUT_RETURN_TYPE = YES_ERROR;
				GCC_WARN_UNDECLARED_SELECTOR = YES;
				GCC_WARN_UNINITIALIZED_AUTOS = YES_AGGRESSIVE;
				GCC_WARN_UNUSED_FUNCTION = YES;
				GCC_WARN_UNUSED_VARIABLE = YES;
				IPHONEOS_DEPLOYMENT_TARGET = 17.0;
				LOCALIZATION_PREFERS_STRING_CATALOGS = YES;
				MTL_ENABLE_DEBUG_INFO = INCLUDE_SOURCE;
				MTL_FAST_MATH = YES;
				ONLY_ACTIVE_ARCH = YES;
				SDKROOT = iphoneos;
				SWIFT_ACTIVE_COMPILATION_CONDITIONS = "DEBUG $(inherited)";
				SWIFT_OPTIMIZATION_LEVEL = "-Onone";
			};
			name = Debug;
		};
		1AB0995C2AF70BAA00D7AEC5 /* Release */ = {
			isa = XCBuildConfiguration;
			buildSettings = {
				ALWAYS_SEARCH_USER_PATHS = NO;
				ASSETCATALOG_COMPILER_GENERATE_SWIFT_ASSET_SYMBOL_EXTENSIONS = YES;
				CLANG_ANALYZER_NONNULL = YES;
				CLANG_ANALYZER_NUMBER_OBJECT_CONVERSION = YES_AGGRESSIVE;
				CLANG_CXX_LANGUAGE_STANDARD = "gnu++20";
				CLANG_ENABLE_MODULES = YES;
				CLANG_ENABLE_OBJC_ARC = YES;
				CLANG_ENABLE_OBJC_WEAK = YES;
				CLANG_WARN_BLOCK_CAPTURE_AUTORELEASING = YES;
				CLANG_WARN_BOOL_CONVERSION = YES;
				CLANG_WARN_COMMA = YES;
				CLANG_WARN_CONSTANT_CONVERSION = YES;
				CLANG_WARN_DEPRECATED_OBJC_IMPLEMENTATIONS = YES;
				CLANG_WARN_DIRECT_OBJC_ISA_USAGE = YES_ERROR;
				CLANG_WARN_DOCUMENTATION_COMMENTS = YES;
				CLANG_WARN_EMPTY_BODY = YES;
				CLANG_WARN_ENUM_CONVERSION = YES;
				CLANG_WARN_INFINITE_RECURSION = YES;
				CLANG_WARN_INT_CONVERSION = YES;
				CLANG_WARN_NON_LITERAL_NULL_CONVERSION = YES;
				CLANG_WARN_OBJC_IMPLICIT_RETAIN_SELF = YES;
				CLANG_WARN_OBJC_LITERAL_CONVERSION = YES;
				CLANG_WARN_OBJC_ROOT_CLASS = YES_ERROR;
				CLANG_WARN_QUOTED_INCLUDE_IN_FRAMEWORK_HEADER = YES;
				CLANG_WARN_RANGE_LOOP_ANALYSIS = YES;
				CLANG_WARN_STRICT_PROTOTYPES = YES;
				CLANG_WARN_SUSPICIOUS_MOVE = YES;
				CLANG_WARN_UNGUARDED_AVAILABILITY = YES_AGGRESSIVE;
				CLANG_WARN_UNREACHABLE_CODE = YES;
				CLANG_WARN__DUPLICATE_METHOD_MATCH = YES;
				COPY_PHASE_STRIP = NO;
				DEBUG_INFORMATION_FORMAT = "dwarf-with-dsym";
				ENABLE_NS_ASSERTIONS = NO;
				ENABLE_STRICT_OBJC_MSGSEND = YES;
				ENABLE_USER_SCRIPT_SANDBOXING = YES;
				GCC_C_LANGUAGE_STANDARD = gnu17;
				GCC_NO_COMMON_BLOCKS = YES;
				GCC_WARN_64_TO_32_BIT_CONVERSION = YES;
				GCC_WARN_ABOUT_RETURN_TYPE = YES_ERROR;
				GCC_WARN_UNDECLARED_SELECTOR = YES;
				GCC_WARN_UNINITIALIZED_AUTOS = YES_AGGRESSIVE;
				GCC_WARN_UNUSED_FUNCTION = YES;
				GCC_WARN_UNUSED_VARIABLE = YES;
				IPHONEOS_DEPLOYMENT_TARGET = 17.0;
				LOCALIZATION_PREFERS_STRING_CATALOGS = YES;
				MTL_ENABLE_DEBUG_INFO = NO;
				MTL_FAST_MATH = YES;
				SDKROOT = iphoneos;
				SWIFT_COMPILATION_MODE = wholemodule;
				VALIDATE_PRODUCT = YES;
			};
			name = Release;
		};
		1AB0995E2AF70BAA00D7AEC5 /* Debug */ = {
			isa = XCBuildConfiguration;
			buildSettings = {
				ASSETCATALOG_COMPILER_APPICON_NAME = AppIcon;
				ASSETCATALOG_COMPILER_GLOBAL_ACCENT_COLOR_NAME = AccentColor;
				CODE_SIGN_STYLE = Automatic;
				CURRENT_PROJECT_VERSION = 1;
				DEVELOPMENT_ASSET_PATHS = "Interior_Shuffle_App/Preview\\ Content ../../rooms";
				DEVELOPMENT_TEAM = 9ZS5MQ8MW2;
				ENABLE_PREVIEWS = YES;
				GENERATE_INFOPLIST_FILE = YES;
				INFOPLIST_KEY_NSCameraUsageDescription = "\"Our app uses your camera to let you take pictures of your rooms for virtual design consultation.\"\n";
				INFOPLIST_KEY_NSPhotoLibraryAddUsageDescription = "\nThis app needs access to the photo library to save processed images.\n";
				INFOPLIST_KEY_UIApplicationSceneManifest_Generation = YES;
				INFOPLIST_KEY_UIApplicationSupportsIndirectInputEvents = YES;
				INFOPLIST_KEY_UILaunchScreen_Generation = YES;
				INFOPLIST_KEY_UISupportedInterfaceOrientations_iPad = "UIInterfaceOrientationPortrait UIInterfaceOrientationPortraitUpsideDown UIInterfaceOrientationLandscapeLeft UIInterfaceOrientationLandscapeRight";
				INFOPLIST_KEY_UISupportedInterfaceOrientations_iPhone = "UIInterfaceOrientationPortrait UIInterfaceOrientationLandscapeLeft UIInterfaceOrientationLandscapeRight";
				LD_RUNPATH_SEARCH_PATHS = (
					"$(inherited)",
					"@executable_path/Frameworks",
				);
				MARKETING_VERSION = 1.0;
				NEW_SETTING = "";
				PRODUCT_BUNDLE_IDENTIFIER = "edu.duke.ak556.Interior-Shuffle-App";
				PRODUCT_NAME = "$(TARGET_NAME)";
				SWIFT_EMIT_LOC_STRINGS = YES;
				SWIFT_VERSION = 5.0;
				TARGETED_DEVICE_FAMILY = "1,2";
			};
			name = Debug;
		};
		1AB0995F2AF70BAA00D7AEC5 /* Release */ = {
			isa = XCBuildConfiguration;
			buildSettings = {
				ASSETCATALOG_COMPILER_APPICON_NAME = AppIcon;
				ASSETCATALOG_COMPILER_GLOBAL_ACCENT_COLOR_NAME = AccentColor;
				CODE_SIGN_STYLE = Automatic;
				CURRENT_PROJECT_VERSION = 1;
				DEVELOPMENT_ASSET_PATHS = "Interior_Shuffle_App/Preview\\ Content ../../rooms";
				DEVELOPMENT_TEAM = 9ZS5MQ8MW2;
				ENABLE_PREVIEWS = YES;
				GENERATE_INFOPLIST_FILE = YES;
				INFOPLIST_KEY_NSCameraUsageDescription = "\"Our app uses your camera to let you take pictures of your rooms for virtual design consultation.\"\n";
				INFOPLIST_KEY_NSPhotoLibraryAddUsageDescription = "\nThis app needs access to the photo library to save processed images.\n";
				INFOPLIST_KEY_UIApplicationSceneManifest_Generation = YES;
				INFOPLIST_KEY_UIApplicationSupportsIndirectInputEvents = YES;
				INFOPLIST_KEY_UILaunchScreen_Generation = YES;
				INFOPLIST_KEY_UISupportedInterfaceOrientations_iPad = "UIInterfaceOrientationPortrait UIInterfaceOrientationPortraitUpsideDown UIInterfaceOrientationLandscapeLeft UIInterfaceOrientationLandscapeRight";
				INFOPLIST_KEY_UISupportedInterfaceOrientations_iPhone = "UIInterfaceOrientationPortrait UIInterfaceOrientationLandscapeLeft UIInterfaceOrientationLandscapeRight";
				LD_RUNPATH_SEARCH_PATHS = (
					"$(inherited)",
					"@executable_path/Frameworks",
				);
				MARKETING_VERSION = 1.0;
				NEW_SETTING = "";
				PRODUCT_BUNDLE_IDENTIFIER = "edu.duke.ak556.Interior-Shuffle-App";
				PRODUCT_NAME = "$(TARGET_NAME)";
				SWIFT_EMIT_LOC_STRINGS = YES;
				SWIFT_VERSION = 5.0;
				TARGETED_DEVICE_FAMILY = "1,2";
			};
			name = Release;
		};
/* End XCBuildConfiguration section */

/* Begin XCConfigurationList section */
		1AB0994A2AF70BA800D7AEC5 /* Build configuration list for PBXProject "Interior_Shuffle_App" */ = {
			isa = XCConfigurationList;
			buildConfigurations = (
				1AB0995B2AF70BAA00D7AEC5 /* Debug */,
				1AB0995C2AF70BAA00D7AEC5 /* Release */,
			);
			defaultConfigurationIsVisible = 0;
			defaultConfigurationName = Release;
		};
		1AB0995D2AF70BAA00D7AEC5 /* Build configuration list for PBXNativeTarget "Interior_Shuffle_App" */ = {
			isa = XCConfigurationList;
			buildConfigurations = (
				1AB0995E2AF70BAA00D7AEC5 /* Debug */,
				1AB0995F2AF70BAA00D7AEC5 /* Release */,
			);
			defaultConfigurationIsVisible = 0;
			defaultConfigurationName = Release;
		};
/* End XCConfigurationList section */
	};
	rootObject = 1AB099472AF70BA800D7AEC5 /* Project object */;
}
